
Microsoft Visual Studio Solution File, Format Version 12.00
# Visual Studio 15
Project("{FAE04EC0-301F-11D3-BF4B-00C04F79EFBC}") = "Assembly-CSharp-firstpass", "Assembly-CSharp-firstpass.csproj", "{067C7D22-19D9-FF51-F9A7-2202354D56D8}"
EndProject
Project("{FAE04EC0-301F-11D3-BF4B-00C04F79EFBC}") = "Assembly-CSharp", "Assembly-CSharp.csproj", "{2C76F0F5-D697-A220-8576-E9CEDD3FA4E3}"
EndProject
Project("{FAE04EC0-301F-11D3-BF4B-00C04F79EFBC}") = "Assembly-CSharp-Editor-firstpass", "Assembly-CSharp-Editor-firstpass.csproj", "{04FBC4E1-F02F-466A-0D8A-EFA88DF7C7D7}"
EndProject
Global
	GlobalSection(SolutionConfigurationPlatforms) = preSolution
		Debug|Any CPU = Debug|Any CPU
		Release|Any CPU = Release|Any CPU
	EndGlobalSection
	GlobalSection(ProjectConfigurationPlatforms) = postSolution
		{067C7D22-19D9-FF51-F9A7-2202354D56D8}.Debug|Any CPU.ActiveCfg = Debug|Any CPU
		{067C7D22-19D9-FF51-F9A7-2202354D56D8}.Debug|Any CPU.Build.0 = Debug|Any CPU
		{067C7D22-19D9-FF51-F9A7-2202354D56D8}.Release|Any CPU.ActiveCfg = Release|Any CPU
		{067C7D22-19D9-FF51-F9A7-2202354D56D8}.Release|Any CPU.Build.0 = Release|Any CPU
		{2C76F0F5-D697-A220-8576-E9CEDD3FA4E3}.Debug|Any CPU.ActiveCfg = Debug|Any CPU
		{2C76F0F5-D697-A220-8576-E9CEDD3FA4E3}.Debug|Any CPU.Build.0 = Debug|Any CPU
		{2C76F0F5-D697-A220-8576-E9CEDD3FA4E3}.Release|Any CPU.ActiveCfg = Release|Any CPU
		{2C76F0F5-D697-A220-8576-E9CEDD3FA4E3}.Release|Any CPU.Build.0 = Release|Any CPU
		{04FBC4E1-F02F-466A-0D8A-EFA88DF7C7D7}.Debug|Any CPU.ActiveCfg = Debug|Any CPU
		{04FBC4E1-F02F-466A-0D8A-EFA88DF7C7D7}.Debug|Any CPU.Build.0 = Debug|Any CPU
		{04FBC4E1-F02F-466A-0D8A-EFA88DF7C7D7}.Release|Any CPU.ActiveCfg = Release|Any CPU
		{04FBC4E1-F02F-466A-0D8A-EFA88DF7C7D7}.Release|Any CPU.Build.0 = Release|Any CPU
	EndGlobalSection
	GlobalSection(SolutionProperties) = preSolution
		HideSolutionNode = FALSE
	EndGlobalSection
EndGlobal
